// !$*UTF8*$!
{
	archiveVersion = 1;
	classes = {
	};
	objectVersion = 46;
	objects = {

/* Begin PBXBuildFile section */
		26DF35EE1BC00EC600B08DF5 /* AppDelegate.swift in Sources */ = {isa = PBXBuildFile; fileRef = 26DF35ED1BC00EC600B08DF5 /* AppDelegate.swift */; };
		26DF35F01BC00EC600B08DF5 /* PhotosViewController.swift in Sources */ = {isa = PBXBuildFile; fileRef = 26DF35EF1BC00EC600B08DF5 /* PhotosViewController.swift */; };
		26DF35F51BC00EC600B08DF5 /* Assets.xcassets in Resources */ = {isa = PBXBuildFile; fileRef = 26DF35F41BC00EC600B08DF5 /* Assets.xcassets */; };
		26DF35F81BC00EC600B08DF5 /* LaunchScreen.storyboard in Resources */ = {isa = PBXBuildFile; fileRef = 26DF35F61BC00EC600B08DF5 /* LaunchScreen.storyboard */; };
		26DF36001BC00F3900B08DF5 /* PhotoOperations.swift in Sources */ = {isa = PBXBuildFile; fileRef = 26DF35FF1BC00F3900B08DF5 /* PhotoOperations.swift */; settings = {ASSET_TAGS = (); }; };
/* End PBXBuildFile section */

/* Begin PBXFileReference section */
		26DF35EA1BC00EC600B08DF5 /* NSOperation.app */ = {isa = PBXFileReference; explicitFileType = wrapper.application; includeInIndex = 0; path = NSOperation.app; sourceTree = BUILT_PRODUCTS_DIR; };
		26DF35ED1BC00EC600B08DF5 /* AppDelegate.swift */ = {isa = PBXFileReference; lastKnownFileType = sourcecode.swift; path = AppDelegate.swift; sourceTree = "<group>"; };
		26DF35EF1BC00EC600B08DF5 /* PhotosViewController.swift */ = {isa = PBXFileReference; lastKnownFileType = sourcecode.swift; path = PhotosViewController.swift; sourceTree = "<group>"; };
		26DF35F41BC00EC600B08DF5 /* Assets.xcassets */ = {isa = PBXFileReference; lastKnownFileType = folder.assetcatalog; path = Assets.xcassets; sourceTree = "<group>"; };
		26DF35F71BC00EC600B08DF5 /* Base */ = {isa = PBXFileReference; lastKnownFileType = file.storyboard; name = Base; path = Base.lproj/LaunchScreen.storyboard; sourceTree = "<group>"; };
		26DF35F91BC00EC600B08DF5 /* Info.plist */ = {isa = PBXFileReference; lastKnownFileType = text.plist.xml; path = Info.plist; sourceTree = "<group>"; };
		26DF35FF1BC00F3900B08DF5 /* PhotoOperations.swift */ = {isa = PBXFileReference; fileEncoding = 4; lastKnownFileType = sourcecode.swift; path = PhotoOperations.swift; sourceTree = "<group>"; };
/* End PBXFileReference section */

/* Begin PBXFrameworksBuildPhase section */
		26DF35E71BC00EC600B08DF5 /* Frameworks */ = {
			isa = PBXFrameworksBuildPhase;
			buildActionMask = 2147483647;
			files = (
			);
			runOnlyForDeploymentPostprocessing = 0;
		};
/* End PBXFrameworksBuildPhase section */

/* Begin PBXGroup section */
		26DF35E11BC00EC600B08DF5 = {
			isa = PBXGroup;
			children = (
				26DF35EC1BC00EC600B08DF5 /* NSOperation */,
				26DF35EB1BC00EC600B08DF5 /* Products */,
			);
			sourceTree = "<group>";
		};
		26DF35EB1BC00EC600B08DF5 /* Products */ = {
			isa = PBXGroup;
			children = (
				26DF35EA1BC00EC600B08DF5 /* NSOperation.app */,
			);
			name = Products;
			sourceTree = "<group>";
		};
		26DF35EC1BC00EC600B08DF5 /* NSOperation */ = {
			isa = PBXGroup;
			children = (
				26DF35ED1BC00EC600B08DF5 /* AppDelegate.swift */,
				26DF35EF1BC00EC600B08DF5 /* PhotosViewController.swift */,
				26DF35F41BC00EC600B08DF5 /* Assets.xcassets */,
				26DF35F61BC00EC600B08DF5 /* LaunchScreen.storyboard */,
				26DF35F91BC00EC600B08DF5 /* Info.plist */,
				26DF35FF1BC00F3900B08DF5 /* PhotoOperations.swift */,
			);
			path = NSOperation;
			sourceTree = "<group>";
		};
/* End PBXGroup section */

/* Begin PBXNativeTarget section */
		26DF35E91BC00EC600B08DF5 /* NSOperation */ = {
			isa = PBXNativeTarget;
			buildConfigurationList = 26DF35FC1BC00EC600B08DF5 /* Build configuration list for PBXNativeTarget "NSOperation" */;
			buildPhases = (
				26DF35E61BC00EC600B08DF5 /* Sources */,
				26DF35E71BC00EC600B08DF5 /* Frameworks */,
				26DF35E81BC00EC600B08DF5 /* Resources */,
			);
			buildRules = (
			);
			dependencies = (
			);
			name = NSOperation;
			productName = NSOperation;
			productReference = 26DF35EA1BC00EC600B08DF5 /* NSOperation.app */;
			productType = "com.apple.product-type.application";
		};
/* End PBXNativeTarget section */

/* Begin PBXProject section */
		26DF35E21BC00EC600B08DF5 /* Project object */ = {
			isa = PBXProject;
			attributes = {
				LastUpgradeCheck = 0700;
				ORGANIZATIONNAME = "Vanessa Cantero Gómez";
				TargetAttributes = {
					26DF35E91BC00EC600B08DF5 = {
						CreatedOnToolsVersion = 7.0;
					};
				};
			};
			buildConfigurationList = 26DF35E51BC00EC600B08DF5 /* Build configuration list for PBXProject "NSOperation" */;
			compatibilityVersion = "Xcode 3.2";
			developmentRegion = English;
			hasScannedForEncodings = 0;
			knownRegions = (
				en,
				Base,
			);
			mainGroup = 26DF35E11BC00EC600B08DF5;
			productRefGroup = 26DF35EB1BC00EC600B08DF5 /* Products */;
			projectDirPath = "";
			projectRoot = "";
			targets = (
				26DF35E91BC00EC600B08DF5 /* NSOperation */,
			);
		};
/* End PBXProject section */

/* Begin PBXResourcesBuildPhase section */
		26DF35E81BC00EC600B08DF5 /* Resources */ = {
			isa = PBXResourcesBuildPhase;
			buildActionMask = 2147483647;
			files = (
				26DF35F81BC00EC600B08DF5 /* LaunchScreen.storyboard in Resources */,
				26DF35F51BC00EC600B08DF5 /* Assets.xcassets in Resources */,
			);
			runOnlyForDeploymentPostprocessing = 0;
		};
/* End PBXResourcesBuildPhase section */

/* Begin PBXSourcesBuildPhase section */
		26DF35E61BC00EC600B08DF5 /* Sources */ = {
			isa = PBXSourcesBuildPhase;
			buildActionMask = 2147483647;
			files = (
				26DF35F01BC00EC600B08DF5 /* PhotosViewController.swift in Sources */,
				26DF35EE1BC00EC600B08DF5 /* AppDelegate.swift in Sources */,
				26DF36001BC00F3900B08DF5 /* PhotoOperations.swift in Sources */,
			);
			runOnlyForDeploymentPostprocessing = 0;
		};
/* End PBXSourcesBuildPhase section */

/* Begin PBXVariantGroup section */
		26DF35F61BC00EC600B08DF5 /* LaunchScreen.storyboard */ = {
			isa = PBXVariantGroup;
			children = (
				26DF35F71BC00EC600B08DF5 /* Base */,
			);
			name = LaunchScreen.storyboard;
			sourceTree = "<group>";
		};
/* End PBXVariantGroup section */

/* Begin XCBuildConfiguration section */
		26DF35FA1BC00EC600B08DF5 /* Debug */ = {
			isa = XCBuildConfiguration;
			buildSettings = {
				ALWAYS_SEARCH_USER_PATHS = NO;
				CLANG_CXX_LANGUAGE_STANDARD = "gnu++0x";
				CLANG_CXX_LIBRARY = "libc++";
				CLANG_ENABLE_MODULES = YES;
				CLANG_ENABLE_OBJC_ARC = YES;
				CLANG_WARN_BOOL_CONVERSION = YES;
				CLANG_WARN_CONSTANT_CONVERSION = YES;
				CLANG_WARN_DIRECT_OBJC_ISA_USAGE = YES_ERROR;
				CLANG_WARN_EMPTY_BODY = YES;
				CLANG_WARN_ENUM_CONVERSION = YES;
				CLANG_WARN_INT_CONVERSION = YES;
				CLANG_WARN_OBJC_ROOT_CLASS = YES_ERROR;
				CLANG_WARN_UNREACHABLE_CODE = YES;
				CLANG_WARN__DUPLICATE_METHOD_MATCH = YES;
				"CODE_SIGN_IDENTITY[sdk=iphoneos*]" = "iPhone Developer";
				COPY_PHASE_STRIP = NO;
				DEBUG_INFORMATION_FORMAT = dwarf;
				ENABLE_STRICT_OBJC_MSGSEND = YES;
				ENABLE_TESTABILITY = YES;
				GCC_C_LANGUAGE_STANDARD = gnu99;
				GCC_DYNAMIC_NO_PIC = NO;
				GCC_NO_COMMON_BLOCKS = YES;
				GCC_OPTIMIZATION_LEVEL = 0;
				GCC_PREPROCESSOR_DEFINITIONS = (
					"DEBUG=1",
					"$(inherited)",
				);
				GCC_WARN_64_TO_32_BIT_CONVERSION = YES;
				GCC_WARN_ABOUT_RETURN_TYPE = YES_ERROR;
				GCC_WARN_UNDECLARED_SELECTOR = YES;
				GCC_WARN_UNINITIALIZED_AUTOS = YES_AGGRESSIVE;
				GCC_WARN_UNUSED_FUNCTION = YES;
				GCC_WARN_UNUSED_VARIABLE = YES;
				IPHONEOS_DEPLOYMENT_TARGET = 9.0;
				MTL_ENABLE_DEBUG_INFO = YES;
				ONLY_ACTIVE_ARCH = YES;
				SDKROOT = iphoneos;
				SWIFT_OPTIMIZATION_LEVEL = "-Onone";
			};
			name = Debug;
		};
		26DF35FB1BC00EC600B08DF5 /* Release */ = {
			isa = XCBuildConfiguration;
			buildSettings = {
				ALWAYS_SEARCH_USER_PATHS = NO;
				CLANG_CXX_LANGUAGE_STANDARD = "gnu++0x";
				CLANG_CXX_LIBRARY = "libc++";
				CLANG_ENABLE_MODULES = YES;
				CLANG_ENABLE_OBJC_ARC = YES;
				CLANG_WARN_BOOL_CONVERSION = YES;
				CLANG_WARN_CONSTANT_CONVERSION = YES;
				CLANG_WARN_DIRECT_OBJC_ISA_USAGE = YES_ERROR;
				CLANG_WARN_EMPTY_BODY = YES;
				CLANG_WARN_ENUM_CONVERSION = YES;
				CLANG_WARN_INT_CONVERSION = YES;
				CLANG_WARN_OBJC_ROOT_CLASS = YES_ERROR;
				CLANG_WARN_UNREACHABLE_CODE = YES;
				CLANG_WARN__DUPLICATE_METHOD_MATCH = YES;
				"CODE_SIGN_IDENTITY[sdk=iphoneos*]" = "iPhone Developer";
				COPY_PHASE_STRIP = NO;
				DEBUG_INFORMATION_FORMAT = "dwarf-with-dsym";
				ENABLE_NS_ASSERTIONS = NO;
				ENABLE_STRICT_OBJC_MSGSEND = YES;
				GCC_C_LANGUAGE_STANDARD = gnu99;
				GCC_NO_COMMON_BLOCKS = YES;
				GCC_WARN_64_TO_32_BIT_CONVERSION = YES;
				GCC_WARN_ABOUT_RETURN_TYPE = YES_ERROR;
				GCC_WARN_UNDECLARED_SELECTOR = YES;
				GCC_WARN_UNINITIALIZED_AUTOS = YES_AGGRESSIVE;
				GCC_WARN_UNUSED_FUNCTION = YES;
				GCC_WARN_UNUSED_VARIABLE = YES;
				IPHONEOS_DEPLOYMENT_TARGET = 9.0;
				MTL_ENABLE_DEBUG_INFO = NO;
				SDKROOT = iphoneos;
				VALIDATE_PRODUCT = YES;
			};
			name = Release;
		};
		26DF35FD1BC00EC600B08DF5 /* Debug */ = {
			isa = XCBuildConfiguration;
			buildSettings = {
				ASSETCATALOG_COMPILER_APPICON_NAME = AppIcon;
				INFOPLIST_FILE = NSOperation/Info.plist;
				LD_RUNPATH_SEARCH_PATHS = "$(inherited) @executable_path/Frameworks";
				PRODUCT_BUNDLE_IDENTIFIER = com.vanecgo.NSOperation;
				PRODUCT_NAME = "$(TARGET_NAME)";
			};
			name = Debug;
		};
		26DF35FE1BC00EC600B08DF5 /* Release */ = {
			isa = XCBuildConfiguration;
			buildSettings = {
				ASSETCATALOG_COMPILER_APPICON_NAME = AppIcon;
				INFOPLIST_FILE = NSOperation/Info.plist;
				LD_RUNPATH_SEARCH_PATHS = "$(inherited) @executable_path/Frameworks";
				PRODUCT_BUNDLE_IDENTIFIER = com.vanecgo.NSOperation;
				PRODUCT_NAME = "$(TARGET_NAME)";
			};
			name = Release;
		};
/* End XCBuildConfiguration section */

/* Begin XCConfigurationList section */
		26DF35E51BC00EC600B08DF5 /* Build configuration list for PBXProject "NSOperation" */ = {
			isa = XCConfigurationList;
			buildConfigurations = (
				26DF35FA1BC00EC600B08DF5 /* Debug */,
				26DF35FB1BC00EC600B08DF5 /* Release */,
			);
			defaultConfigurationIsVisible = 0;
			defaultConfigurationName = Release;
		};
		26DF35FC1BC00EC600B08DF5 /* Build configuration list for PBXNativeTarget "NSOperation" */ = {
			isa = XCConfigurationList;
			buildConfigurations = (
				26DF35FD1BC00EC600B08DF5 /* Debug */,
				26DF35FE1BC00EC600B08DF5 /* Release */,
			);
			defaultConfigurationIsVisible = 0;
		};
/* End XCConfigurationList section */
	};
	rootObject = 26DF35E21BC00EC600B08DF5 /* Project object */;
}
